// !$*UTF8*$!
{
	archiveVersion = 1;
	classes = {
	};
	objectVersion = 46;
	objects = {

/* Begin PBXBuildFile section */
		EC92A5E31B57FF8F00A05DF9 /* AppDelegate.swift in Sources */ = {isa = PBXBuildFile; fileRef = EC92A5E21B57FF8F00A05DF9 /* AppDelegate.swift */; };
		EC92A5E51B57FF8F00A05DF9 /* ViewController.swift in Sources */ = {isa = PBXBuildFile; fileRef = EC92A5E41B57FF8F00A05DF9 /* ViewController.swift */; };
		EC92A5E81B57FF8F00A05DF9 /* Main.storyboard in Resources */ = {isa = PBXBuildFile; fileRef = EC92A5E61B57FF8F00A05DF9 /* Main.storyboard */; };
		EC92A5EA1B57FF8F00A05DF9 /* Assets.xcassets in Resources */ = {isa = PBXBuildFile; fileRef = EC92A5E91B57FF8F00A05DF9 /* Assets.xcassets */; };
		EC92A5ED1B57FF8F00A05DF9 /* LaunchScreen.storyboard in Resources */ = {isa = PBXBuildFile; fileRef = EC92A5EB1B57FF8F00A05DF9 /* LaunchScreen.storyboard */; };
		EC92A5F81B57FF8F00A05DF9 /* RaceCarTests.swift in Sources */ = {isa = PBXBuildFile; fileRef = EC92A5F71B57FF8F00A05DF9 /* RaceCarTests.swift */; };
		EC92A6031B5801F100A05DF9 /* RaceCar.swift in Sources */ = {isa = PBXBuildFile; fileRef = EC92A6021B5801F100A05DF9 /* RaceCar.swift */; };
/* End PBXBuildFile section */

/* Begin PBXContainerItemProxy section */
		EC92A5F41B57FF8F00A05DF9 /* PBXContainerItemProxy */ = {
			isa = PBXContainerItemProxy;
			containerPortal = EC92A5D71B57FF8E00A05DF9 /* Project object */;
			proxyType = 1;
			remoteGlobalIDString = EC92A5DE1B57FF8E00A05DF9;
			remoteInfo = RaceCar;
		};
/* End PBXContainerItemProxy section */

/* Begin PBXFileReference section */
		EC92A5DF1B57FF8E00A05DF9 /* RaceCar.app */ = {isa = PBXFileReference; explicitFileType = wrapper.application; includeInIndex = 0; path = RaceCar.app; sourceTree = BUILT_PRODUCTS_DIR; };
		EC92A5E21B57FF8F00A05DF9 /* AppDelegate.swift */ = {isa = PBXFileReference; lastKnownFileType = sourcecode.swift; path = AppDelegate.swift; sourceTree = "<group>"; };
		EC92A5E41B57FF8F00A05DF9 /* ViewController.swift */ = {isa = PBXFileReference; lastKnownFileType = sourcecode.swift; path = ViewController.swift; sourceTree = "<group>"; };
		EC92A5E71B57FF8F00A05DF9 /* Base */ = {isa = PBXFileReference; lastKnownFileType = file.storyboard; name = Base; path = Base.lproj/Main.storyboard; sourceTree = "<group>"; };
		EC92A5E91B57FF8F00A05DF9 /* Assets.xcassets */ = {isa = PBXFileReference; lastKnownFileType = folder.assetcatalog; path = Assets.xcassets; sourceTree = "<group>"; };
		EC92A5EC1B57FF8F00A05DF9 /* Base */ = {isa = PBXFileReference; lastKnownFileType = file.storyboard; name = Base; path = Base.lproj/LaunchScreen.storyboard; sourceTree = "<group>"; };
		EC92A5EE1B57FF8F00A05DF9 /* Info.plist */ = {isa = PBXFileReference; lastKnownFileType = text.plist.xml; path = Info.plist; sourceTree = "<group>"; };
		EC92A5F31B57FF8F00A05DF9 /* RaceCarTests.xctest */ = {isa = PBXFileReference; explicitFileType = wrapper.cfbundle; includeInIndex = 0; path = RaceCarTests.xctest; sourceTree = BUILT_PRODUCTS_DIR; };
		EC92A5F71B57FF8F00A05DF9 /* RaceCarTests.swift */ = {isa = PBXFileReference; lastKnownFileType = sourcecode.swift; path = RaceCarTests.swift; sourceTree = "<group>"; };
		EC92A5F91B57FF8F00A05DF9 /* Info.plist */ = {isa = PBXFileReference; lastKnownFileType = text.plist.xml; path = Info.plist; sourceTree = "<group>"; };
		EC92A6021B5801F100A05DF9 /* RaceCar.swift */ = {isa = PBXFileReference; fileEncoding = 4; lastKnownFileType = sourcecode.swift; path = RaceCar.swift; sourceTree = "<group>"; };
/* End PBXFileReference section */

/* Begin PBXFrameworksBuildPhase section */
		EC92A5DC1B57FF8E00A05DF9 /* Frameworks */ = {
			isa = PBXFrameworksBuildPhase;
			buildActionMask = 2147483647;
			files = (
			);
			runOnlyForDeploymentPostprocessing = 0;
		};
		EC92A5F01B57FF8F00A05DF9 /* Frameworks */ = {
			isa = PBXFrameworksBuildPhase;
			buildActionMask = 2147483647;
			files = (
			);
			runOnlyForDeploymentPostprocessing = 0;
		};
/* End PBXFrameworksBuildPhase section */

/* Begin PBXGroup section */
		EC92A5D61B57FF8E00A05DF9 = {
			isa = PBXGroup;
			children = (
				EC92A5E11B57FF8E00A05DF9 /* RaceCar */,
				EC92A5F61B57FF8F00A05DF9 /* RaceCarTests */,
				EC92A5E01B57FF8E00A05DF9 /* Products */,
			);
			sourceTree = "<group>";
		};
		EC92A5E01B57FF8E00A05DF9 /* Products */ = {
			isa = PBXGroup;
			children = (
				EC92A5DF1B57FF8E00A05DF9 /* RaceCar.app */,
				EC92A5F31B57FF8F00A05DF9 /* RaceCarTests.xctest */,
			);
			name = Products;
			sourceTree = "<group>";
		};
		EC92A5E11B57FF8E00A05DF9 /* RaceCar */ = {
			isa = PBXGroup;
			children = (
				EC92A5E21B57FF8F00A05DF9 /* AppDelegate.swift */,
				EC92A5E41B57FF8F00A05DF9 /* ViewController.swift */,
				EC92A5E61B57FF8F00A05DF9 /* Main.storyboard */,
				EC92A6021B5801F100A05DF9 /* RaceCar.swift */,
				EC92A5E91B57FF8F00A05DF9 /* Assets.xcassets */,
				EC92A5EB1B57FF8F00A05DF9 /* LaunchScreen.storyboard */,
				EC92A5EE1B57FF8F00A05DF9 /* Info.plist */,
			);
			path = RaceCar;
			sourceTree = "<group>";
		};
		EC92A5F61B57FF8F00A05DF9 /* RaceCarTests */ = {
			isa = PBXGroup;
			children = (
				EC92A5F71B57FF8F00A05DF9 /* RaceCarTests.swift */,
				EC92A5F91B57FF8F00A05DF9 /* Info.plist */,
			);
			path = RaceCarTests;
			sourceTree = "<group>";
		};
/* End PBXGroup section */

/* Begin PBXNativeTarget section */
		EC92A5DE1B57FF8E00A05DF9 /* RaceCar */ = {
			isa = PBXNativeTarget;
			buildConfigurationList = EC92A5FC1B57FF8F00A05DF9 /* Build configuration list for PBXNativeTarget "RaceCar" */;
			buildPhases = (
				EC92A5DB1B57FF8E00A05DF9 /* Sources */,
				EC92A5DC1B57FF8E00A05DF9 /* Frameworks */,
				EC92A5DD1B57FF8E00A05DF9 /* Resources */,
			);
			buildRules = (
			);
			dependencies = (
			);
			name = RaceCar;
			productName = RaceCar;
			productReference = EC92A5DF1B57FF8E00A05DF9 /* RaceCar.app */;
			productType = "com.apple.product-type.application";
		};
		EC92A5F21B57FF8F00A05DF9 /* RaceCarTests */ = {
			isa = PBXNativeTarget;
			buildConfigurationList = EC92A5FF1B57FF8F00A05DF9 /* Build configuration list for PBXNativeTarget "RaceCarTests" */;
			buildPhases = (
				EC92A5EF1B57FF8F00A05DF9 /* Sources */,
				EC92A5F01B57FF8F00A05DF9 /* Frameworks */,
				EC92A5F11B57FF8F00A05DF9 /* Resources */,
			);
			buildRules = (
			);
			dependencies = (
				EC92A5F51B57FF8F00A05DF9 /* PBXTargetDependency */,
			);
			name = RaceCarTests;
			productName = RaceCarTests;
			productReference = EC92A5F31B57FF8F00A05DF9 /* RaceCarTests.xctest */;
			productType = "com.apple.product-type.bundle.unit-test";
		};
/* End PBXNativeTarget section */

/* Begin PBXProject section */
		EC92A5D71B57FF8E00A05DF9 /* Project object */ = {
			isa = PBXProject;
			attributes = {
				LastUpgradeCheck = 1140;
				ORGANIZATIONNAME = "Thomas Cheng";
				TargetAttributes = {
					EC92A5DE1B57FF8E00A05DF9 = {
						CreatedOnToolsVersion = 7.0;
						LastSwiftMigration = 1140;
					};
					EC92A5F21B57FF8F00A05DF9 = {
						CreatedOnToolsVersion = 7.0;
						LastSwiftMigration = 1140;
						TestTargetID = EC92A5DE1B57FF8E00A05DF9;
					};
				};
			};
			buildConfigurationList = EC92A5DA1B57FF8E00A05DF9 /* Build configuration list for PBXProject "RaceCar" */;
			compatibilityVersion = "Xcode 3.2";
			developmentRegion = en;
			hasScannedForEncodings = 0;
			knownRegions = (
				en,
				Base,
			);
			mainGroup = EC92A5D61B57FF8E00A05DF9;
			productRefGroup = EC92A5E01B57FF8E00A05DF9 /* Products */;
			projectDirPath = "";
			projectRoot = "";
			targets = (
				EC92A5DE1B57FF8E00A05DF9 /* RaceCar */,
				EC92A5F21B57FF8F00A05DF9 /* RaceCarTests */,
			);
		};
/* End PBXProject section */

/* Begin PBXResourcesBuildPhase section */
		EC92A5DD1B57FF8E00A05DF9 /* Resources */ = {
			isa = PBXResourcesBuildPhase;
			buildActionMask = 2147483647;
			files = (
				EC92A5ED1B57FF8F00A05DF9 /* LaunchScreen.storyboard in Resources */,
				EC92A5EA1B57FF8F00A05DF9 /* Assets.xcassets in Resources */,
				EC92A5E81B57FF8F00A05DF9 /* Main.storyboard in Resources */,
			);
			runOnlyForDeploymentPostprocessing = 0;
		};
		EC92A5F11B57FF8F00A05DF9 /* Resources */ = {
			isa = PBXResourcesBuildPhase;
			buildActionMask = 2147483647;
			files = (
			);
			runOnlyForDeploymentPostprocessing = 0;
		};
/* End PBXResourcesBuildPhase section */

/* Begin PBXSourcesBuildPhase section */
		EC92A5DB1B57FF8E00A05DF9 /* Sources */ = {
			isa = PBXSourcesBuildPhase;
			buildActionMask = 2147483647;
			files = (
				EC92A5E51B57FF8F00A05DF9 /* ViewController.swift in Sources */,
				EC92A6031B5801F100A05DF9 /* RaceCar.swift in Sources */,
				EC92A5E31B57FF8F00A05DF9 /* AppDelegate.swift in Sources */,
			);
			runOnlyForDeploymentPostprocessing = 0;
		};
		EC92A5EF1B57FF8F00A05DF9 /* Sources */ = {
			isa = PBXSourcesBuildPhase;
			buildActionMask = 2147483647;
			files = (
				EC92A5F81B57FF8F00A05DF9 /* RaceCarTests.swift in Sources */,
			);
			runOnlyForDeploymentPostprocessing = 0;
		};
/* End PBXSourcesBuildPhase section */

/* Begin PBXTargetDependency section */
		EC92A5F51B57FF8F00A05DF9 /* PBXTargetDependency */ = {
			isa = PBXTargetDependency;
			target = EC92A5DE1B57FF8E00A05DF9 /* RaceCar */;
			targetProxy = EC92A5F41B57FF8F00A05DF9 /* PBXContainerItemProxy */;
		};
/* End PBXTargetDependency section */

/* Begin PBXVariantGroup section */
		EC92A5E61B57FF8F00A05DF9 /* Main.storyboard */ = {
			isa = PBXVariantGroup;
			children = (
				EC92A5E71B57FF8F00A05DF9 /* Base */,
			);
			name = Main.storyboard;
			sourceTree = "<group>";
		};
		EC92A5EB1B57FF8F00A05DF9 /* LaunchScreen.storyboard */ = {
			isa = PBXVariantGroup;
			children = (
				EC92A5EC1B57FF8F00A05DF9 /* Base */,
			);
			name = LaunchScreen.storyboard;
			sourceTree = "<group>";
		};
/* End PBXVariantGroup section */

/* Begin XCBuildConfiguration section */
		EC92A5FA1B57FF8F00A05DF9 /* Debug */ = {
			isa = XCBuildConfiguration;
			buildSettings = {
				ALWAYS_SEARCH_USER_PATHS = NO;
				CLANG_ANALYZER_LOCALIZABILITY_NONLOCALIZED = YES;
				CLANG_CXX_LANGUAGE_STANDARD = "gnu++0x";
				CLANG_CXX_LIBRARY = "libc++";
				CLANG_ENABLE_MODULES = YES;
				CLANG_ENABLE_OBJC_ARC = YES;
				CLANG_WARN_BLOCK_CAPTURE_AUTORELEASING = YES;
				CLANG_WARN_BOOL_CONVERSION = YES;
				CLANG_WARN_COMMA = YES;
				CLANG_WARN_CONSTANT_CONVERSION = YES;
				CLANG_WARN_DEPRECATED_OBJC_IMPLEMENTATIONS = YES;
				CLANG_WARN_DIRECT_OBJC_ISA_USAGE = YES_ERROR;
				CLANG_WARN_EMPTY_BODY = YES;
				CLANG_WARN_ENUM_CONVERSION = YES;
				CLANG_WARN_INFINITE_RECURSION = YES;
				CLANG_WARN_INT_CONVERSION = YES;
				CLANG_WARN_NON_LITERAL_NULL_CONVERSION = YES;
				CLANG_WARN_OBJC_IMPLICIT_RETAIN_SELF = YES;
				CLANG_WARN_OBJC_LITERAL_CONVERSION = YES;
				CLANG_WARN_OBJC_ROOT_CLASS = YES_ERROR;
				CLANG_WARN_RANGE_LOOP_ANALYSIS = YES;
				CLANG_WARN_STRICT_PROTOTYPES = YES;
				CLANG_WARN_SUSPICIOUS_MOVE = YES;
				CLANG_WARN_UNREACHABLE_CODE = YES;
				CLANG_WARN__DUPLICATE_METHOD_MATCH = YES;
				"CODE_SIGN_IDENTITY[sdk=iphoneos*]" = "iPhone Developer";
				COPY_PHASE_STRIP = NO;
				DEBUG_INFORMATION_FORMAT = dwarf;
				ENABLE_STRICT_OBJC_MSGSEND = YES;
				ENABLE_TESTABILITY = YES;
				GCC_C_LANGUAGE_STANDARD = gnu99;
				GCC_DYNAMIC_NO_PIC = NO;
				GCC_NO_COMMON_BLOCKS = YES;
				GCC_OPTIMIZATION_LEVEL = 0;
				GCC_PREPROCESSOR_DEFINITIONS = (
					"DEBUG=1",
					"$(inherited)",
				);
				GCC_WARN_64_TO_32_BIT_CONVERSION = YES;
				GCC_WARN_ABOUT_RETURN_TYPE = YES_ERROR;
				GCC_WARN_UNDECLARED_SELECTOR = YES;
				GCC_WARN_UNINITIALIZED_AUTOS = YES_AGGRESSIVE;
				GCC_WARN_UNUSED_FUNCTION = YES;
				GCC_WARN_UNUSED_VARIABLE = YES;
				IPHONEOS_DEPLOYMENT_TARGET = 9.0;
				MTL_ENABLE_DEBUG_INFO = YES;
				ONLY_ACTIVE_ARCH = YES;
				SDKROOT = iphoneos;
				SWIFT_OPTIMIZATION_LEVEL = "-Onone";
				SWIFT_SWIFT3_OBJC_INFERENCE = Default;
			};
			name = Debug;
		};
		EC92A5FB1B57FF8F00A05DF9 /* Release */ = {
			isa = XCBuildConfiguration;
			buildSettings = {
				ALWAYS_SEARCH_USER_PATHS = NO;
				CLANG_ANALYZER_LOCALIZABILITY_NONLOCALIZED = YES;
				CLANG_CXX_LANGUAGE_STANDARD = "gnu++0x";
				CLANG_CXX_LIBRARY = "libc++";
				CLANG_ENABLE_MODULES = YES;
				CLANG_ENABLE_OBJC_ARC = YES;
				CLANG_WARN_BLOCK_CAPTURE_AUTORELEASING = YES;
				CLANG_WARN_BOOL_CONVERSION = YES;
				CLANG_WARN_COMMA = YES;
				CLANG_WARN_CONSTANT_CONVERSION = YES;
				CLANG_WARN_DEPRECATED_OBJC_IMPLEMENTATIONS = YES;
				CLANG_WARN_DIRECT_OBJC_ISA_USAGE = YES_ERROR;
				CLANG_WARN_EMPTY_BODY = YES;
				CLANG_WARN_ENUM_CONVERSION = YES;
				CLANG_WARN_INFINITE_RECURSION = YES;
				CLANG_WARN_INT_CONVERSION = YES;
				CLANG_WARN_NON_LITERAL_NULL_CONVERSION = YES;
				CLANG_WARN_OBJC_IMPLICIT_RETAIN_SELF = YES;
				CLANG_WARN_OBJC_LITERAL_CONVERSION = YES;
				CLANG_WARN_OBJC_ROOT_CLASS = YES_ERROR;
				CLANG_WARN_RANGE_LOOP_ANALYSIS = YES;
				CLANG_WARN_STRICT_PROTOTYPES = YES;
				CLANG_WARN_SUSPICIOUS_MOVE = YES;
				CLANG_WARN_UNREACHABLE_CODE = YES;
				CLANG_WARN__DUPLICATE_METHOD_MATCH = YES;
				"CODE_SIGN_IDENTITY[sdk=iphoneos*]" = "iPhone Developer";
				COPY_PHASE_STRIP = NO;
				DEBUG_INFORMATION_FORMAT = "dwarf-with-dsym";
				ENABLE_NS_ASSERTIONS = NO;
				ENABLE_STRICT_OBJC_MSGSEND = YES;
				GCC_C_LANGUAGE_STANDARD = gnu99;
				GCC_NO_COMMON_BLOCKS = YES;
				GCC_WARN_64_TO_32_BIT_CONVERSION = YES;
				GCC_WARN_ABOUT_RETURN_TYPE = YES_ERROR;
				GCC_WARN_UNDECLARED_SELECTOR = YES;
				GCC_WARN_UNINITIALIZED_AUTOS = YES_AGGRESSIVE;
				GCC_WARN_UNUSED_FUNCTION = YES;
				GCC_WARN_UNUSED_VARIABLE = YES;
				IPHONEOS_DEPLOYMENT_TARGET = 9.0;
				MTL_ENABLE_DEBUG_INFO = NO;
				SDKROOT = iphoneos;
				SWIFT_OPTIMIZATION_LEVEL = "-Owholemodule";
				SWIFT_SWIFT3_OBJC_INFERENCE = Default;
				VALIDATE_PRODUCT = YES;
			};
			name = Release;
		};
		EC92A5FD1B57FF8F00A05DF9 /* Debug */ = {
			isa = XCBuildConfiguration;
			buildSettings = {
				ASSETCATALOG_COMPILER_APPICON_NAME = AppIcon;
				INFOPLIST_FILE = RaceCar/Info.plist;
				LD_RUNPATH_SEARCH_PATHS = "$(inherited) @executable_path/Frameworks";
				PRODUCT_BUNDLE_IDENTIFIER = thomascheng.RaceCar;
				PRODUCT_NAME = "$(TARGET_NAME)";
				SWIFT_SWIFT3_OBJC_INFERENCE = Default;
				SWIFT_VERSION = 5.0;
			};
			name = Debug;
		};
		EC92A5FE1B57FF8F00A05DF9 /* Release */ = {
			isa = XCBuildConfiguration;
			buildSettings = {
				ASSETCATALOG_COMPILER_APPICON_NAME = AppIcon;
				INFOPLIST_FILE = RaceCar/Info.plist;
				LD_RUNPATH_SEARCH_PATHS = "$(inherited) @executable_path/Frameworks";
				PRODUCT_BUNDLE_IDENTIFIER = thomascheng.RaceCar;
				PRODUCT_NAME = "$(TARGET_NAME)";
				SWIFT_SWIFT3_OBJC_INFERENCE = Default;
				SWIFT_VERSION = 5.0;
			};
			name = Release;
		};
		EC92A6001B57FF8F00A05DF9 /* Debug */ = {
			isa = XCBuildConfiguration;
			buildSettings = {
				BUNDLE_LOADER = "$(TEST_HOST)";
				INFOPLIST_FILE = RaceCarTests/Info.plist;
				LD_RUNPATH_SEARCH_PATHS = "$(inherited) @executable_path/Frameworks @loader_path/Frameworks";
				PRODUCT_BUNDLE_IDENTIFIER = thomascheng.RaceCarTests;
				PRODUCT_NAME = "$(TARGET_NAME)";
				SWIFT_SWIFT3_OBJC_INFERENCE = Default;
				SWIFT_VERSION = 5.0;
				TEST_HOST = "$(BUILT_PRODUCTS_DIR)/RaceCar.app/RaceCar";
			};
			name = Debug;
		};
		EC92A6011B57FF8F00A05DF9 /* Release */ = {
			isa = XCBuildConfiguration;
			buildSettings = {
				BUNDLE_LOADER = "$(TEST_HOST)";
				INFOPLIST_FILE = RaceCarTests/Info.plist;
				LD_RUNPATH_SEARCH_PATHS = "$(inherited) @executable_path/Frameworks @loader_path/Frameworks";
				PRODUCT_BUNDLE_IDENTIFIER = thomascheng.RaceCarTests;
				PRODUCT_NAME = "$(TARGET_NAME)";
				SWIFT_SWIFT3_OBJC_INFERENCE = Default;
				SWIFT_VERSION = 5.0;
				TEST_HOST = "$(BUILT_PRODUCTS_DIR)/RaceCar.app/RaceCar";
			};
			name = Release;
		};
/* End XCBuildConfiguration section */

/* Begin XCConfigurationList section */
		EC92A5DA1B57FF8E00A05DF9 /* Build configuration list for PBXProject "RaceCar" */ = {
			isa = XCConfigurationList;
			buildConfigurations = (
				EC92A5FA1B57FF8F00A05DF9 /* Debug */,
				EC92A5FB1B57FF8F00A05DF9 /* Release */,
			);
			defaultConfigurationIsVisible = 0;
			defaultConfigurationName = Release;
		};
		EC92A5FC1B57FF8F00A05DF9 /* Build configuration list for PBXNativeTarget "RaceCar" */ = {
			isa = XCConfigurationList;
			buildConfigurations = (
				EC92A5FD1B57FF8F00A05DF9 /* Debug */,
				EC92A5FE1B57FF8F00A05DF9 /* Release */,
			);
			defaultConfigurationIsVisible = 0;
			defaultConfigurationName = Release;
		};
		EC92A5FF1B57FF8F00A05DF9 /* Build configuration list for PBXNativeTarget "RaceCarTests" */ = {
			isa = XCConfigurationList;
			buildConfigurations = (
				EC92A6001B57FF8F00A05DF9 /* Debug */,
				EC92A6011B57FF8F00A05DF9 /* Release */,
			);
			defaultConfigurationIsVisible = 0;
			defaultConfigurationName = Release;
		};
/* End XCConfigurationList section */
	};
	rootObject = EC92A5D71B57FF8E00A05DF9 /* Project object */;
}
